{
  "name": "rails-typespec-generator",
  "version": "0.1.0",
  "lockfileVersion": 3,
  "requires": true,
  "packages": {
    "": {
      "name": "rails-typespec-generator",
      "version": "0.1.0",
      "license": "MIT",
      "dependencies": {
        "@ruby/prism": "0.24.0",
        "yargs": "17.7.2"
      },
      "devDependencies": {
        "@biomejs/biome": "1.9.3",
        "@types/node": "20.12.7",
        "lefthook": "1.6.12",
        "typescript": "5.4.5"
      }
    },
    "node_modules/@ruby/prism": {
      "version": "0.24.0"
    },
    "node_modules/yargs": {
      "version": "17.7.2",
      "dependencies": {
        "cliui": "8.0.1",
        "escalade": "3.1.2",
        "get-caller-file": "2.0.5",
        "require-directory": "2.1.1",
        "string-width": "4.2.3",
        "y18n": "5.0.8",
        "yargs-parser": "21.1.1"
      }
    },
    "node_modules/cliui": {
      "version": "8.0.1",
      "dependencies": {
        "string-width": "4.2.3",
        "strip-ansi": "6.0.1",
        "wrap-ansi": "7.0.0"
      }
    },
    "node_modules/escalade": {
      "version": "3.1.2"
    },
    "node_modules/get-caller-file": {
      "version": "2.0.5"
    },
    "node_modules/require-directory": {
      "version": "2.1.1"
    },
    "node_modules/string-width": {
      "version": "4.2.3",
      "dependencies": {
        "emoji-regex": "8.0.0",
        "is-fullwidth-code-point": "3.0.0",
        "strip-ansi": "6.0.1"
      }
    },
    "node_modules/y18n": {
      "version": "5.0.8"
    },
    "node_modules/yargs-parser": {
      "version": "21.1.1",
      "dependencies": {
        "camelcase": "6.3.0",
        "decamelize": "4.0.0"
      }
    },
    "node_modules/strip-ansi": {
      "version": "6.0.1",
      "dependencies": {
        "ansi-regex": "5.0.1"
      }
    },
    "node_modules/wrap-ansi": {
      "version": "7.0.0",
      "dependencies": {
        "ansi-styles": "4.3.0",
        "string-width": "4.2.3",
        "strip-ansi": "6.0.1"
      }
    },
    "node_modules/emoji-regex": {
      "version": "8.0.0"
    },
    "node_modules/is-fullwidth-code-point": {
      "version": "3.0.0"
    },
    "node_modules/ansi-regex": {
      "version": "5.0.1"
    },
    "node_modules/ansi-styles": {
      "version": "4.3.0",
      "dependencies": {
        "color-convert": "2.0.1"
      }
    },
    "node_modules/color-convert": {
      "version": "2.0.1",
      "dependencies": {
        "color-name": "1.1.4"
      }
    },
    "node_modules/color-name": {
      "version": "1.1.4"
    },
    "node_modules/camelcase": {
      "version": "6.3.0"
    },
    "node_modules/decamelize": {
      "version": "4.0.0"
    },
    "node_modules/@biomejs/biome": {
      "version": "1.9.3"
    },
    "node_modules/@types/node": {
      "version": "20.12.7"
    },
    "node_modules/lefthook": {
      "version": "1.6.12"
    },
    "node_modules/typescript": {
      "version": "5.4.5"
    }
  },
  "dependencies": {
    "@ruby/prism": {
      "version": "0.24.0"
    },
    "yargs": {
      "version": "17.7.2",
      "requires": {
        "cliui": "8.0.1",
        "escalade": "3.1.2",
        "get-caller-file": "2.0.5",
        "require-directory": "2.1.1",
        "string-width": "4.2.3",
        "y18n": "5.0.8",
        "yargs-parser": "21.1.1"
      }
    },
    "cliui": {
      "version": "8.0.1",
      "requires": {
        "string-width": "4.2.3",
        "strip-ansi": "6.0.1",
        "wrap-ansi": "7.0.0"
      }
    },
    "escalade": {
      "version": "3.1.2"
    },
    "get-caller-file": {
      "version": "2.0.5"
    },
    "require-directory": {
      "version": "2.1.1"
    },
    "string-width": {
      "version": "4.2.3",
      "requires": {
        "emoji-regex": "8.0.0",
        "is-fullwidth-code-point": "3.0.0",
        "strip-ansi": "6.0.1"
      }
    },
    "y18n": {
      "version": "5.0.8"
    },
    "yargs-parser": {
      "version": "21.1.1",
      "requires": {
        "camelcase": "6.3.0",
        "decamelize": "4.0.0"
      }
    },
    "strip-ansi": {
      "version": "6.0.1",
      "requires": {
        "ansi-regex": "5.0.1"
      }
    },
    "wrap-ansi": {
      "version": "7.0.0",
      "requires": {
        "ansi-styles": "4.3.0",
        "string-width": "4.2.3",
        "strip-ansi": "6.0.1"
      }
    },
    "emoji-regex": {
      "version": "8.0.0"
    },
    "is-fullwidth-code-point": {
      "version": "3.0.0"
    },
    "ansi-regex": {
      "version": "5.0.1"
    },
    "ansi-styles": {
      "version": "4.3.0",
      "requires": {
        "color-convert": "2.0.1"
      }
    },
    "color-convert": {
      "version": "2.0.1",
      "requires": {
        "color-name": "1.1.4"
      }
    },
    "color-name": {
      "version": "1.1.4"
    },
    "camelcase": {
      "version": "6.3.0"
    },
    "decamelize": {
      "version": "4.0.0"
    }
  },
  "devDependencies": {
    "@biomejs/biome": {
      "version": "1.9.3"
    },
    "@types/node": {
      "version": "20.12.7"
    },
    "lefthook": {
      "version": "1.6.12"
    },
    "typescript": {
      "version": "5.4.5"
    }
  }
}
